
Microsoft Visual Studio Solution File, Format Version 12.00
# Visual Studio Version 17
VisualStudioVersion = 17.2.32616.157
MinimumVisualStudioVersion = 10.0.40219.1
Project("{8BC9CEB8-8B4A-11D0-8D11-00A0C91BC942}") = "lineconfig", "lineconfig.vcxproj", "{B9DE5659-C079-4A21-AFAF-DE14412A9340}"
EndProject
Global
	GlobalSection(SolutionConfigurationPlatforms) = preSolution
		Debug|x86 = Debug|x86
		Release|x86 = Release|x86
	EndGlobalSection
	GlobalSection(ProjectConfigurationPlatforms) = postSolution
		{B9DE5659-C079-4A21-AFAF-DE14412A9340}.Debug|x86.ActiveCfg = Debug|Win32
		{B9DE5659-C079-4A21-AFAF-DE14412A9340}.Debug|x86.Build.0 = Debug|Win32
		{B9DE5659-C079-4A21-AFAF-DE14412A9340}.Release|x86.ActiveCfg = Release|Win32
		{B9DE5659-C079-4A21-AFAF-DE14412A9340}.Release|x86.Build.0 = Release|Win32
	EndGlobalSection
	GlobalSection(SolutionProperties) = preSolution
		HideSolutionNode = FALSE
	EndGlobalSection
	GlobalSection(ExtensibilityGlobals) = postSolution
		SolutionGuid = {FCFB3F51-4413-4B9C-8A5F-0327C75E09BD}
	EndGlobalSection
EndGlobal
